# THIS IS AN AUTOGENERATED FILE. DO NOT EDIT THIS FILE DIRECTLY.
# yarn lockfile v1


angular-expressions@1.1.1:
  version "1.1.1"
  resolved "https://registry.yarnpkg.com/angular-expressions/-/angular-expressions-1.1.1.tgz#45fb8a5da8dc0fb854e717f71e8251c9d6bdae31"
  integrity sha512-gH9UO5r0HTmQWOfet9dC6ekWZ0hnOzCy62OUcV79XuUh0wqaLzVHcv7STWfIA5hxn39TA4mYs1EKukCsgGIvwg==

base64-url@1.2.1:
  version "1.2.1"
  resolved "https://registry.yarnpkg.com/base64-url/-/base64-url-1.2.1.tgz#199fd661702a0e7b7dcae6e0698bb089c52f6d78"
  integrity sha1-GZ/WYXAqDnt9yubgaYuwicUvbXg=

native-or-bluebird@~1.1.2:
  version "1.1.2"
  resolved "https://registry.yarnpkg.com/native-or-bluebird/-/native-or-bluebird-1.1.2.tgz#3921e110232d1eb790f3dac61bb370531c7d356e"
  integrity sha1-OSHhECMtHreQ89rGG7NwUxx9NW4=

netmask@2.0.0:
  version "2.0.0"
  resolved "https://registry.yarnpkg.com/netmask/-/netmask-2.0.0.tgz#9de0ef120bae60f315c5d90c9289ac53790e708d"
  integrity sha512-jwI5BiAalI743VK1tWnNGxFc/5JqFtez/jn7ILwgK1xTCevXDAOQw9ith0J0zS2I7g2jY0a3yk5RdstHUawJFg==

uid-safe@1.1.0:
  version "1.1.0"
  resolved "https://registry.yarnpkg.com/uid-safe/-/uid-safe-1.1.0.tgz#58d6c5dabf8dfbd8d52834839806c03fd6143232"
  integrity sha1-WNbF2r+N+9jVKDSDmAbAP9YUMjI=
  dependencies:
    base64-url "1.2.1"
    native-or-bluebird "~1.1.2"
