# THIS IS AN AUTOGENERATED FILE. DO NOT EDIT THIS FILE DIRECTLY.
# yarn lockfile v1


async@~2.6.3:
  version "2.6.3"
  resolved "https://registry.yarnpkg.com/async/-/async-2.6.3.tgz#d72625e2344a3656e3a3ad4fa749fa83299d82ff"
  integrity sha512-zflvls11DCy+dQWzTW2dzuilv8Z5X/pjfmZOWba6TNIVDm+2UDaJmXSOXlasHKfNBs8oo3M0aT50fDEWfKZjXg==
  dependencies:
    lodash "^4.17.14"

base64-url@1.2.1:
  version "1.2.1"
  resolved "https://registry.yarnpkg.com/base64-url/-/base64-url-1.2.1.tgz#199fd661702a0e7b7dcae6e0698bb089c52f6d78"
  integrity sha1-GZ/WYXAqDnt9yubgaYuwicUvbXg=

lodash@^4.17.14:
  version "4.17.21"
  resolved "https://registry.yarnpkg.com/lodash/-/lodash-4.17.21.tgz#679591c564c3bffaae8454cf0b3df370c3d6911c"
  integrity sha512-v2kDEe57lecTulaDIuNTPy3Ry4gLGJ6Z1O3vE1krgXZNrsQ+LFTGHVxVjcXPs17LhbZVGedAJv8XZ1tvj5FvSg==

native-or-bluebird@~1.1.2:
  version "1.1.2"
  resolved "https://registry.yarnpkg.com/native-or-bluebird/-/native-or-bluebird-1.1.2.tgz#3921e110232d1eb790f3dac61bb370531c7d356e"
  integrity sha1-OSHhECMtHreQ89rGG7NwUxx9NW4=

schema-inspector@^1.7.0:
  version "1.7.0"
  resolved "https://registry.yarnpkg.com/schema-inspector/-/schema-inspector-1.7.0.tgz#b3f8b97fc26ba930ef16cd7b8fcf77201ce468db"
  integrity sha512-Cj4XP6O3QfDhOq7bIPpz3Ev+sjR++nqFsIggBVIk/8axqFc2p+XSwNBWih9Ut/p8k36f1uCyXB+TzumZUsxVBQ==
  dependencies:
    async "~2.6.3"

uid-safe@1.1.0:
  version "1.1.0"
  resolved "https://registry.yarnpkg.com/uid-safe/-/uid-safe-1.1.0.tgz#58d6c5dabf8dfbd8d52834839806c03fd6143232"
  integrity sha1-WNbF2r+N+9jVKDSDmAbAP9YUMjI=
  dependencies:
    base64-url "1.2.1"
    native-or-bluebird "~1.1.2"
